
Microsoft Visual Studio Solution File, Format Version 12.00
# Visual Studio Version 17
VisualStudioVersion = 17.6.33801.468
MinimumVisualStudioVersion = 10.0.40219.1
Project("{2150E333-8FDC-42A3-9474-1A3956D46DE8}") = "src", "src", "{05C215A2-45F7-4439-9F6E-0645A9A82512}"
EndProject
Project("{2150E333-8FDC-42A3-9474-1A3956D46DE8}") = "tests", "tests", "{12641588-ADF9-4BDD-9351-0BAA12448BF0}"
EndProject
Project("{9A19103F-16F7-4668-BE54-9A1E7A4F7556}") = "ProductManagementSystem.Core", "src\ProductManagementSystem.Core\ProductManagementSystem.Core.csproj", "{4C6E523F-0777-4100-A971-BB96D4FDCD74}"
EndProject
Project("{9A19103F-16F7-4668-BE54-9A1E7A4F7556}") = "FunctionalTests", "tests\FunctionalTests\FunctionalTests.csproj", "{F42655F7-2189-440B-AB64-151341E919F5}"
EndProject
Project("{9A19103F-16F7-4668-BE54-9A1E7A4F7556}") = "ProductManagementSystem.Infrastructure", "src\ProductManagementSystem.Infrastructure\ProductManagementSystem.Infrastructure.csproj", "{D447A4C5-A853-44A0-9302-E0550222748A}"
EndProject
Project("{9A19103F-16F7-4668-BE54-9A1E7A4F7556}") = "UnitTests", "tests\UnitTests\UnitTests.csproj", "{1B313E30-B8BC-479C-B9B7-455DFA327650}"
EndProject
Project("{FAE04EC0-301F-11D3-BF4B-00C04F79EFBC}") = "ProductManagementSystem.TaskManager", "src\ProductManagementSystem.TaskManager\ProductManagementSystem.TaskManager.csproj", "{31F71274-A1A0-419A-BF4C-5D77E829D81A}"
EndProject
Global
	GlobalSection(SolutionConfigurationPlatforms) = preSolution
		Debug|Any CPU = Debug|Any CPU
		Release|Any CPU = Release|Any CPU
	EndGlobalSection
	GlobalSection(ProjectConfigurationPlatforms) = postSolution
		{4C6E523F-0777-4100-A971-BB96D4FDCD74}.Debug|Any CPU.ActiveCfg = Debug|Any CPU
		{4C6E523F-0777-4100-A971-BB96D4FDCD74}.Debug|Any CPU.Build.0 = Debug|Any CPU
		{4C6E523F-0777-4100-A971-BB96D4FDCD74}.Release|Any CPU.ActiveCfg = Release|Any CPU
		{4C6E523F-0777-4100-A971-BB96D4FDCD74}.Release|Any CPU.Build.0 = Release|Any CPU
		{F42655F7-2189-440B-AB64-151341E919F5}.Debug|Any CPU.ActiveCfg = Debug|Any CPU
		{F42655F7-2189-440B-AB64-151341E919F5}.Debug|Any CPU.Build.0 = Debug|Any CPU
		{F42655F7-2189-440B-AB64-151341E919F5}.Release|Any CPU.ActiveCfg = Release|Any CPU
		{F42655F7-2189-440B-AB64-151341E919F5}.Release|Any CPU.Build.0 = Release|Any CPU
		{D447A4C5-A853-44A0-9302-E0550222748A}.Debug|Any CPU.ActiveCfg = Debug|Any CPU
		{D447A4C5-A853-44A0-9302-E0550222748A}.Debug|Any CPU.Build.0 = Debug|Any CPU
		{D447A4C5-A853-44A0-9302-E0550222748A}.Release|Any CPU.ActiveCfg = Release|Any CPU
		{D447A4C5-A853-44A0-9302-E0550222748A}.Release|Any CPU.Build.0 = Release|Any CPU
		{1B313E30-B8BC-479C-B9B7-455DFA327650}.Debug|Any CPU.ActiveCfg = Debug|Any CPU
		{1B313E30-B8BC-479C-B9B7-455DFA327650}.Debug|Any CPU.Build.0 = Debug|Any CPU
		{1B313E30-B8BC-479C-B9B7-455DFA327650}.Release|Any CPU.ActiveCfg = Release|Any CPU
		{1B313E30-B8BC-479C-B9B7-455DFA327650}.Release|Any CPU.Build.0 = Release|Any CPU
		{31F71274-A1A0-419A-BF4C-5D77E829D81A}.Debug|Any CPU.ActiveCfg = Debug|Any CPU
		{31F71274-A1A0-419A-BF4C-5D77E829D81A}.Debug|Any CPU.Build.0 = Debug|Any CPU
		{31F71274-A1A0-419A-BF4C-5D77E829D81A}.Release|Any CPU.ActiveCfg = Release|Any CPU
		{31F71274-A1A0-419A-BF4C-5D77E829D81A}.Release|Any CPU.Build.0 = Release|Any CPU
	EndGlobalSection
	GlobalSection(SolutionProperties) = preSolution
		HideSolutionNode = FALSE
	EndGlobalSection
	GlobalSection(NestedProjects) = preSolution
		{4C6E523F-0777-4100-A971-BB96D4FDCD74} = {05C215A2-45F7-4439-9F6E-0645A9A82512}
		{F42655F7-2189-440B-AB64-151341E919F5} = {12641588-ADF9-4BDD-9351-0BAA12448BF0}
		{D447A4C5-A853-44A0-9302-E0550222748A} = {05C215A2-45F7-4439-9F6E-0645A9A82512}
		{1B313E30-B8BC-479C-B9B7-455DFA327650} = {12641588-ADF9-4BDD-9351-0BAA12448BF0}
		{31F71274-A1A0-419A-BF4C-5D77E829D81A} = {05C215A2-45F7-4439-9F6E-0645A9A82512}
	EndGlobalSection
	GlobalSection(ExtensibilityGlobals) = postSolution
		SolutionGuid = {5A75CB1A-D001-424C-BFD6-C1B04AF7552A}
	EndGlobalSection
EndGlobal
